
Microsoft Visual Studio Solution File, Format Version 12.00
# Visual Studio Version 17
VisualStudioVersion = 17.11.35312.102
MinimumVisualStudioVersion = 10.0.40219.1
Project("{9A19103F-16F7-4668-BE54-9A1E7A4F7556}") = "H34111122_practice_4_2", "H34111122_practice_4_2\H34111122_practice_4_2.csproj", "{5A62973D-437A-4ABD-B6D8-220B908515C7}"
EndProject
Global
	GlobalSection(SolutionConfigurationPlatforms) = preSolution
		Debug|Any CPU = Debug|Any CPU
		Release|Any CPU = Release|Any CPU
	EndGlobalSection
	GlobalSection(ProjectConfigurationPlatforms) = postSolution
		{5A62973D-437A-4ABD-B6D8-220B908515C7}.Debug|Any CPU.ActiveCfg = Debug|Any CPU
		{5A62973D-437A-4ABD-B6D8-220B908515C7}.Debug|Any CPU.Build.0 = Debug|Any CPU
		{5A62973D-437A-4ABD-B6D8-220B908515C7}.Release|Any CPU.ActiveCfg = Release|Any CPU
		{5A62973D-437A-4ABD-B6D8-220B908515C7}.Release|Any CPU.Build.0 = Release|Any CPU
	EndGlobalSection
	GlobalSection(SolutionProperties) = preSolution
		HideSolutionNode = FALSE
	EndGlobalSection
	GlobalSection(ExtensibilityGlobals) = postSolution
		SolutionGuid = {2225247C-74D5-4CFD-9838-B07F2A264D53}
	EndGlobalSection
EndGlobal
