
Microsoft Visual Studio Solution File, Format Version 12.00
# Visual Studio Version 17
VisualStudioVersion = 17.11.35312.102
MinimumVisualStudioVersion = 10.0.40219.1
Project("{9A19103F-16F7-4668-BE54-9A1E7A4F7556}") = "H34111122_practice_5_1", "H34111122_practice_5_1\H34111122_practice_5_1.csproj", "{66D3B846-61AD-4388-8909-825403747D8E}"
EndProject
Global
	GlobalSection(SolutionConfigurationPlatforms) = preSolution
		Debug|Any CPU = Debug|Any CPU
		Release|Any CPU = Release|Any CPU
	EndGlobalSection
	GlobalSection(ProjectConfigurationPlatforms) = postSolution
		{66D3B846-61AD-4388-8909-825403747D8E}.Debug|Any CPU.ActiveCfg = Debug|Any CPU
		{66D3B846-61AD-4388-8909-825403747D8E}.Debug|Any CPU.Build.0 = Debug|Any CPU
		{66D3B846-61AD-4388-8909-825403747D8E}.Release|Any CPU.ActiveCfg = Release|Any CPU
		{66D3B846-61AD-4388-8909-825403747D8E}.Release|Any CPU.Build.0 = Release|Any CPU
	EndGlobalSection
	GlobalSection(SolutionProperties) = preSolution
		HideSolutionNode = FALSE
	EndGlobalSection
	GlobalSection(ExtensibilityGlobals) = postSolution
		SolutionGuid = {8650066C-8259-43F3-BBBE-7BCA03D4712B}
	EndGlobalSection
EndGlobal
